// !$*UTF8*$!
{
	archiveVersion = 1;
	classes = {
	};
	objectVersion = 55;
	objects = {

/* Begin PBXBuildFile section */
		23458AB928D6ABAD00B0EF64 /* Tests_iOS.swift in Sources */ = {isa = PBXBuildFile; fileRef = 23458AB828D6ABAD00B0EF64 /* Tests_iOS.swift */; };
		23458ABB28D6ABAD00B0EF64 /* Tests_iOSLaunchTests.swift in Sources */ = {isa = PBXBuildFile; fileRef = 23458ABA28D6ABAD00B0EF64 /* Tests_iOSLaunchTests.swift */; };
		23458AC528D6ABAD00B0EF64 /* Tests_macOS.swift in Sources */ = {isa = PBXBuildFile; fileRef = 23458AC428D6ABAD00B0EF64 /* Tests_macOS.swift */; };
		23458AC728D6ABAD00B0EF64 /* Tests_macOSLaunchTests.swift in Sources */ = {isa = PBXBuildFile; fileRef = 23458AC628D6ABAD00B0EF64 /* Tests_macOSLaunchTests.swift */; };
		23458AC828D6ABAD00B0EF64 /* PolyApp.swift in Sources */ = {isa = PBXBuildFile; fileRef = 23458AA028D6ABA700B0EF64 /* PolyApp.swift */; };
		23458AC928D6ABAD00B0EF64 /* PolyApp.swift in Sources */ = {isa = PBXBuildFile; fileRef = 23458AA028D6ABA700B0EF64 /* PolyApp.swift */; };
		23458ACA28D6ABAD00B0EF64 /* ContentView.swift in Sources */ = {isa = PBXBuildFile; fileRef = 23458AA128D6ABA700B0EF64 /* ContentView.swift */; };
		23458ACB28D6ABAD00B0EF64 /* ContentView.swift in Sources */ = {isa = PBXBuildFile; fileRef = 23458AA128D6ABA700B0EF64 /* ContentView.swift */; };
		23458ACC28D6ABAD00B0EF64 /* Assets.xcassets in Resources */ = {isa = PBXBuildFile; fileRef = 23458AA228D6ABAD00B0EF64 /* Assets.xcassets */; };
		23458ACD28D6ABAD00B0EF64 /* Assets.xcassets in Resources */ = {isa = PBXBuildFile; fileRef = 23458AA228D6ABAD00B0EF64 /* Assets.xcassets */; };
/* End PBXBuildFile section */

/* Begin PBXContainerItemProxy section */
		23458AB528D6ABAD00B0EF64 /* PBXContainerItemProxy */ = {
			isa = PBXContainerItemProxy;
			containerPortal = 23458A9B28D6ABA700B0EF64 /* Project object */;
			proxyType = 1;
			remoteGlobalIDString = 23458AA628D6ABAD00B0EF64;
			remoteInfo = "Poly (iOS)";
		};
		23458AC128D6ABAD00B0EF64 /* PBXContainerItemProxy */ = {
			isa = PBXContainerItemProxy;
			containerPortal = 23458A9B28D6ABA700B0EF64 /* Project object */;
			proxyType = 1;
			remoteGlobalIDString = 23458AAC28D6ABAD00B0EF64;
			remoteInfo = "Poly (macOS)";
		};
/* End PBXContainerItemProxy section */

/* Begin PBXFileReference section */
		23458AA028D6ABA700B0EF64 /* PolyApp.swift */ = {isa = PBXFileReference; lastKnownFileType = sourcecode.swift; path = PolyApp.swift; sourceTree = "<group>"; };
		23458AA128D6ABA700B0EF64 /* ContentView.swift */ = {isa = PBXFileReference; lastKnownFileType = sourcecode.swift; path = ContentView.swift; sourceTree = "<group>"; };
		23458AA228D6ABAD00B0EF64 /* Assets.xcassets */ = {isa = PBXFileReference; lastKnownFileType = folder.assetcatalog; path = Assets.xcassets; sourceTree = "<group>"; };
		23458AA728D6ABAD00B0EF64 /* Poly.app */ = {isa = PBXFileReference; explicitFileType = wrapper.application; includeInIndex = 0; path = Poly.app; sourceTree = BUILT_PRODUCTS_DIR; };
		23458AAD28D6ABAD00B0EF64 /* Poly.app */ = {isa = PBXFileReference; explicitFileType = wrapper.application; includeInIndex = 0; path = Poly.app; sourceTree = BUILT_PRODUCTS_DIR; };
		23458AAF28D6ABAD00B0EF64 /* macOS.entitlements */ = {isa = PBXFileReference; lastKnownFileType = text.plist.entitlements; path = macOS.entitlements; sourceTree = "<group>"; };
		23458AB428D6ABAD00B0EF64 /* Tests iOS.xctest */ = {isa = PBXFileReference; explicitFileType = wrapper.cfbundle; includeInIndex = 0; path = "Tests iOS.xctest"; sourceTree = BUILT_PRODUCTS_DIR; };
		23458AB828D6ABAD00B0EF64 /* Tests_iOS.swift */ = {isa = PBXFileReference; lastKnownFileType = sourcecode.swift; path = Tests_iOS.swift; sourceTree = "<group>"; };
		23458ABA28D6ABAD00B0EF64 /* Tests_iOSLaunchTests.swift */ = {isa = PBXFileReference; lastKnownFileType = sourcecode.swift; path = Tests_iOSLaunchTests.swift; sourceTree = "<group>"; };
		23458AC028D6ABAD00B0EF64 /* Tests macOS.xctest */ = {isa = PBXFileReference; explicitFileType = wrapper.cfbundle; includeInIndex = 0; path = "Tests macOS.xctest"; sourceTree = BUILT_PRODUCTS_DIR; };
		23458AC428D6ABAD00B0EF64 /* Tests_macOS.swift */ = {isa = PBXFileReference; lastKnownFileType = sourcecode.swift; path = Tests_macOS.swift; sourceTree = "<group>"; };
		23458AC628D6ABAD00B0EF64 /* Tests_macOSLaunchTests.swift */ = {isa = PBXFileReference; lastKnownFileType = sourcecode.swift; path = Tests_macOSLaunchTests.swift; sourceTree = "<group>"; };
/* End PBXFileReference section */

/* Begin PBXFrameworksBuildPhase section */
		23458AA428D6ABAD00B0EF64 /* Frameworks */ = {
			isa = PBXFrameworksBuildPhase;
			buildActionMask = 2147483647;
			files = (
			);
			runOnlyForDeploymentPostprocessing = 0;
		};
		23458AAA28D6ABAD00B0EF64 /* Frameworks */ = {
			isa = PBXFrameworksBuildPhase;
			buildActionMask = 2147483647;
			files = (
			);
			runOnlyForDeploymentPostprocessing = 0;
		};
		23458AB128D6ABAD00B0EF64 /* Frameworks */ = {
			isa = PBXFrameworksBuildPhase;
			buildActionMask = 2147483647;
			files = (
			);
			runOnlyForDeploymentPostprocessing = 0;
		};
		23458ABD28D6ABAD00B0EF64 /* Frameworks */ = {
			isa = PBXFrameworksBuildPhase;
			buildActionMask = 2147483647;
			files = (
			);
			runOnlyForDeploymentPostprocessing = 0;
		};
/* End PBXFrameworksBuildPhase section */

/* Begin PBXGroup section */
		23458A9A28D6ABA700B0EF64 = {
			isa = PBXGroup;
			children = (
				23458A9F28D6ABA700B0EF64 /* Shared */,
				23458AAE28D6ABAD00B0EF64 /* macOS */,
				23458AB728D6ABAD00B0EF64 /* Tests iOS */,
				23458AC328D6ABAD00B0EF64 /* Tests macOS */,
				23458AA828D6ABAD00B0EF64 /* Products */,
			);
			sourceTree = "<group>";
		};
		23458A9F28D6ABA700B0EF64 /* Shared */ = {
			isa = PBXGroup;
			children = (
				23458AA028D6ABA700B0EF64 /* PolyApp.swift */,
				23458AA128D6ABA700B0EF64 /* ContentView.swift */,
				23458AA228D6ABAD00B0EF64 /* Assets.xcassets */,
			);
			path = Shared;
			sourceTree = "<group>";
		};
		23458AA828D6ABAD00B0EF64 /* Products */ = {
			isa = PBXGroup;
			children = (
				23458AA728D6ABAD00B0EF64 /* Poly.app */,
				23458AAD28D6ABAD00B0EF64 /* Poly.app */,
				23458AB428D6ABAD00B0EF64 /* Tests iOS.xctest */,
				23458AC028D6ABAD00B0EF64 /* Tests macOS.xctest */,
			);
			name = Products;
			sourceTree = "<group>";
		};
		23458AAE28D6ABAD00B0EF64 /* macOS */ = {
			isa = PBXGroup;
			children = (
				23458AAF28D6ABAD00B0EF64 /* macOS.entitlements */,
			);
			path = macOS;
			sourceTree = "<group>";
		};
		23458AB728D6ABAD00B0EF64 /* Tests iOS */ = {
			isa = PBXGroup;
			children = (
				23458AB828D6ABAD00B0EF64 /* Tests_iOS.swift */,
				23458ABA28D6ABAD00B0EF64 /* Tests_iOSLaunchTests.swift */,
			);
			path = "Tests iOS";
			sourceTree = "<group>";
		};
		23458AC328D6ABAD00B0EF64 /* Tests macOS */ = {
			isa = PBXGroup;
			children = (
				23458AC428D6ABAD00B0EF64 /* Tests_macOS.swift */,
				23458AC628D6ABAD00B0EF64 /* Tests_macOSLaunchTests.swift */,
			);
			path = "Tests macOS";
			sourceTree = "<group>";
		};
/* End PBXGroup section */

/* Begin PBXNativeTarget section */
		23458AA628D6ABAD00B0EF64 /* Poly (iOS) */ = {
			isa = PBXNativeTarget;
			buildConfigurationList = 23458AD028D6ABAD00B0EF64 /* Build configuration list for PBXNativeTarget "Poly (iOS)" */;
			buildPhases = (
				23458AA328D6ABAD00B0EF64 /* Sources */,
				23458AA428D6ABAD00B0EF64 /* Frameworks */,
				23458AA528D6ABAD00B0EF64 /* Resources */,
			);
			buildRules = (
			);
			dependencies = (
			);
			name = "Poly (iOS)";
			productName = "Poly (iOS)";
			productReference = 23458AA728D6ABAD00B0EF64 /* Poly.app */;
			productType = "com.apple.product-type.application";
		};
		23458AAC28D6ABAD00B0EF64 /* Poly (macOS) */ = {
			isa = PBXNativeTarget;
			buildConfigurationList = 23458AD328D6ABAD00B0EF64 /* Build configuration list for PBXNativeTarget "Poly (macOS)" */;
			buildPhases = (
				23458AA928D6ABAD00B0EF64 /* Sources */,
				23458AAA28D6ABAD00B0EF64 /* Frameworks */,
				23458AAB28D6ABAD00B0EF64 /* Resources */,
			);
			buildRules = (
			);
			dependencies = (
			);
			name = "Poly (macOS)";
			productName = "Poly (macOS)";
			productReference = 23458AAD28D6ABAD00B0EF64 /* Poly.app */;
			productType = "com.apple.product-type.application";
		};
		23458AB328D6ABAD00B0EF64 /* Tests iOS */ = {
			isa = PBXNativeTarget;
			buildConfigurationList = 23458AD628D6ABAD00B0EF64 /* Build configuration list for PBXNativeTarget "Tests iOS" */;
			buildPhases = (
				23458AB028D6ABAD00B0EF64 /* Sources */,
				23458AB128D6ABAD00B0EF64 /* Frameworks */,
				23458AB228D6ABAD00B0EF64 /* Resources */,
			);
			buildRules = (
			);
			dependencies = (
				23458AB628D6ABAD00B0EF64 /* PBXTargetDependency */,
			);
			name = "Tests iOS";
			productName = "Tests iOS";
			productReference = 23458AB428D6ABAD00B0EF64 /* Tests iOS.xctest */;
			productType = "com.apple.product-type.bundle.ui-testing";
		};
		23458ABF28D6ABAD00B0EF64 /* Tests macOS */ = {
			isa = PBXNativeTarget;
			buildConfigurationList = 23458AD928D6ABAD00B0EF64 /* Build configuration list for PBXNativeTarget "Tests macOS" */;
			buildPhases = (
				23458ABC28D6ABAD00B0EF64 /* Sources */,
				23458ABD28D6ABAD00B0EF64 /* Frameworks */,
				23458ABE28D6ABAD00B0EF64 /* Resources */,
			);
			buildRules = (
			);
			dependencies = (
				23458AC228D6ABAD00B0EF64 /* PBXTargetDependency */,
			);
			name = "Tests macOS";
			productName = "Tests macOS";
			productReference = 23458AC028D6ABAD00B0EF64 /* Tests macOS.xctest */;
			productType = "com.apple.product-type.bundle.ui-testing";
		};
/* End PBXNativeTarget section */

/* Begin PBXProject section */
		23458A9B28D6ABA700B0EF64 /* Project object */ = {
			isa = PBXProject;
			attributes = {
				BuildIndependentTargetsInParallel = 1;
				LastSwiftUpdateCheck = 1300;
				LastUpgradeCheck = 1300;
				TargetAttributes = {
					23458AA628D6ABAD00B0EF64 = {
						CreatedOnToolsVersion = 13.0;
					};
					23458AAC28D6ABAD00B0EF64 = {
						CreatedOnToolsVersion = 13.0;
					};
					23458AB328D6ABAD00B0EF64 = {
						CreatedOnToolsVersion = 13.0;
						TestTargetID = 23458AA628D6ABAD00B0EF64;
					};
					23458ABF28D6ABAD00B0EF64 = {
						CreatedOnToolsVersion = 13.0;
						TestTargetID = 23458AAC28D6ABAD00B0EF64;
					};
				};
			};
			buildConfigurationList = 23458A9E28D6ABA700B0EF64 /* Build configuration list for PBXProject "Poly" */;
			compatibilityVersion = "Xcode 13.0";
			developmentRegion = en;
			hasScannedForEncodings = 0;
			knownRegions = (
				en,
				Base,
			);
			mainGroup = 23458A9A28D6ABA700B0EF64;
			productRefGroup = 23458AA828D6ABAD00B0EF64 /* Products */;
			projectDirPath = "";
			projectRoot = "";
			targets = (
				23458AA628D6ABAD00B0EF64 /* Poly (iOS) */,
				23458AAC28D6ABAD00B0EF64 /* Poly (macOS) */,
				23458AB328D6ABAD00B0EF64 /* Tests iOS */,
				23458ABF28D6ABAD00B0EF64 /* Tests macOS */,
			);
		};
/* End PBXProject section */

/* Begin PBXResourcesBuildPhase section */
		23458AA528D6ABAD00B0EF64 /* Resources */ = {
			isa = PBXResourcesBuildPhase;
			buildActionMask = 2147483647;
			files = (
				23458ACC28D6ABAD00B0EF64 /* Assets.xcassets in Resources */,
			);
			runOnlyForDeploymentPostprocessing = 0;
		};
		23458AAB28D6ABAD00B0EF64 /* Resources */ = {
			isa = PBXResourcesBuildPhase;
			buildActionMask = 2147483647;
			files = (
				23458ACD28D6ABAD00B0EF64 /* Assets.xcassets in Resources */,
			);
			runOnlyForDeploymentPostprocessing = 0;
		};
		23458AB228D6ABAD00B0EF64 /* Resources */ = {
			isa = PBXResourcesBuildPhase;
			buildActionMask = 2147483647;
			files = (
			);
			runOnlyForDeploymentPostprocessing = 0;
		};
		23458ABE28D6ABAD00B0EF64 /* Resources */ = {
			isa = PBXResourcesBuildPhase;
			buildActionMask = 2147483647;
			files = (
			);
			runOnlyForDeploymentPostprocessing = 0;
		};
/* End PBXResourcesBuildPhase section */

/* Begin PBXSourcesBuildPhase section */
		23458AA328D6ABAD00B0EF64 /* Sources */ = {
			isa = PBXSourcesBuildPhase;
			buildActionMask = 2147483647;
			files = (
				23458ACA28D6ABAD00B0EF64 /* ContentView.swift in Sources */,
				23458AC828D6ABAD00B0EF64 /* PolyApp.swift in Sources */,
			);
			runOnlyForDeploymentPostprocessing = 0;
		};
		23458AA928D6ABAD00B0EF64 /* Sources */ = {
			isa = PBXSourcesBuildPhase;
			buildActionMask = 2147483647;
			files = (
				23458ACB28D6ABAD00B0EF64 /* ContentView.swift in Sources */,
				23458AC928D6ABAD00B0EF64 /* PolyApp.swift in Sources */,
			);
			runOnlyForDeploymentPostprocessing = 0;
		};
		23458AB028D6ABAD00B0EF64 /* Sources */ = {
			isa = PBXSourcesBuildPhase;
			buildActionMask = 2147483647;
			files = (
				23458ABB28D6ABAD00B0EF64 /* Tests_iOSLaunchTests.swift in Sources */,
				23458AB928D6ABAD00B0EF64 /* Tests_iOS.swift in Sources */,
			);
			runOnlyForDeploymentPostprocessing = 0;
		};
		23458ABC28D6ABAD00B0EF64 /* Sources */ = {
			isa = PBXSourcesBuildPhase;
			buildActionMask = 2147483647;
			files = (
				23458AC728D6ABAD00B0EF64 /* Tests_macOSLaunchTests.swift in Sources */,
				23458AC528D6ABAD00B0EF64 /* Tests_macOS.swift in Sources */,
			);
			runOnlyForDeploymentPostprocessing = 0;
		};
/* End PBXSourcesBuildPhase section */

/* Begin PBXTargetDependency section */
		23458AB628D6ABAD00B0EF64 /* PBXTargetDependency */ = {
			isa = PBXTargetDependency;
			target = 23458AA628D6ABAD00B0EF64 /* Poly (iOS) */;
			targetProxy = 23458AB528D6ABAD00B0EF64 /* PBXContainerItemProxy */;
		};
		23458AC228D6ABAD00B0EF64 /* PBXTargetDependency */ = {
			isa = PBXTargetDependency;
			target = 23458AAC28D6ABAD00B0EF64 /* Poly (macOS) */;
			targetProxy = 23458AC128D6ABAD00B0EF64 /* PBXContainerItemProxy */;
		};
/* End PBXTargetDependency section */

/* Begin XCBuildConfiguration section */
		23458ACE28D6ABAD00B0EF64 /* Debug */ = {
			isa = XCBuildConfiguration;
			buildSettings = {
				ALWAYS_SEARCH_USER_PATHS = NO;
				CLANG_ANALYZER_NONNULL = YES;
				CLANG_ANALYZER_NUMBER_OBJECT_CONVERSION = YES_AGGRESSIVE;
				CLANG_CXX_LANGUAGE_STANDARD = "gnu++17";
				CLANG_CXX_LIBRARY = "libc++";
				CLANG_ENABLE_MODULES = YES;
				CLANG_ENABLE_OBJC_ARC = YES;
				CLANG_ENABLE_OBJC_WEAK = YES;
				CLANG_WARN_BLOCK_CAPTURE_AUTORELEASING = YES;
				CLANG_WARN_BOOL_CONVERSION = YES;
				CLANG_WARN_COMMA = YES;
				CLANG_WARN_CONSTANT_CONVERSION = YES;
				CLANG_WARN_DEPRECATED_OBJC_IMPLEMENTATIONS = YES;
				CLANG_WARN_DIRECT_OBJC_ISA_USAGE = YES_ERROR;
				CLANG_WARN_DOCUMENTATION_COMMENTS = YES;
				CLANG_WARN_EMPTY_BODY = YES;
				CLANG_WARN_ENUM_CONVERSION = YES;
				CLANG_WARN_INFINITE_RECURSION = YES;
				CLANG_WARN_INT_CONVERSION = YES;
				CLANG_WARN_NON_LITERAL_NULL_CONVERSION = YES;
				CLANG_WARN_OBJC_IMPLICIT_RETAIN_SELF = YES;
				CLANG_WARN_OBJC_LITERAL_CONVERSION = YES;
				CLANG_WARN_OBJC_ROOT_CLASS = YES_ERROR;
				CLANG_WARN_QUOTED_INCLUDE_IN_FRAMEWORK_HEADER = YES;
				CLANG_WARN_RANGE_LOOP_ANALYSIS = YES;
				CLANG_WARN_STRICT_PROTOTYPES = YES;
				CLANG_WARN_SUSPICIOUS_MOVE = YES;
				CLANG_WARN_UNGUARDED_AVAILABILITY = YES_AGGRESSIVE;
				CLANG_WARN_UNREACHABLE_CODE = YES;
				CLANG_WARN__DUPLICATE_METHOD_MATCH = YES;
				COPY_PHASE_STRIP = NO;
				DEBUG_INFORMATION_FORMAT = dwarf;
				ENABLE_STRICT_OBJC_MSGSEND = YES;
				ENABLE_TESTABILITY = YES;
				GCC_C_LANGUAGE_STANDARD = gnu11;
				GCC_DYNAMIC_NO_PIC = NO;
				GCC_NO_COMMON_BLOCKS = YES;
				GCC_OPTIMIZATION_LEVEL = 0;
				GCC_PREPROCESSOR_DEFINITIONS = (
					"DEBUG=1",
					"$(inherited)",
				);
				GCC_WARN_64_TO_32_BIT_CONVERSION = YES;
				GCC_WARN_ABOUT_RETURN_TYPE = YES_ERROR;
				GCC_WARN_UNDECLARED_SELECTOR = YES;
				GCC_WARN_UNINITIALIZED_AUTOS = YES_AGGRESSIVE;
				GCC_WARN_UNUSED_FUNCTION = YES;
				GCC_WARN_UNUSED_VARIABLE = YES;
				MTL_ENABLE_DEBUG_INFO = INCLUDE_SOURCE;
				MTL_FAST_MATH = YES;
				ONLY_ACTIVE_ARCH = YES;
				SWIFT_ACTIVE_COMPILATION_CONDITIONS = DEBUG;
				SWIFT_OPTIMIZATION_LEVEL = "-Onone";
			};
			name = Debug;
		};
		23458ACF28D6ABAD00B0EF64 /* Release */ = {
			isa = XCBuildConfiguration;
			buildSettings = {
				ALWAYS_SEARCH_USER_PATHS = NO;
				CLANG_ANALYZER_NONNULL = YES;
				CLANG_ANALYZER_NUMBER_OBJECT_CONVERSION = YES_AGGRESSIVE;
				CLANG_CXX_LANGUAGE_STANDARD = "gnu++17";
				CLANG_CXX_LIBRARY = "libc++";
				CLANG_ENABLE_MODULES = YES;
				CLANG_ENABLE_OBJC_ARC = YES;
				CLANG_ENABLE_OBJC_WEAK = YES;
				CLANG_WARN_BLOCK_CAPTURE_AUTORELEASING = YES;
				CLANG_WARN_BOOL_CONVERSION = YES;
				CLANG_WARN_COMMA = YES;
				CLANG_WARN_CONSTANT_CONVERSION = YES;
				CLANG_WARN_DEPRECATED_OBJC_IMPLEMENTATIONS = YES;
				CLANG_WARN_DIRECT_OBJC_ISA_USAGE = YES_ERROR;
				CLANG_WARN_DOCUMENTATION_COMMENTS = YES;
				CLANG_WARN_EMPTY_BODY = YES;
				CLANG_WARN_ENUM_CONVERSION = YES;
				CLANG_WARN_INFINITE_RECURSION = YES;
				CLANG_WARN_INT_CONVERSION = YES;
				CLANG_WARN_NON_LITERAL_NULL_CONVERSION = YES;
				CLANG_WARN_OBJC_IMPLICIT_RETAIN_SELF = YES;
				CLANG_WARN_OBJC_LITERAL_CONVERSION = YES;
				CLANG_WARN_OBJC_ROOT_CLASS = YES_ERROR;
				CLANG_WARN_QUOTED_INCLUDE_IN_FRAMEWORK_HEADER = YES;
				CLANG_WARN_RANGE_LOOP_ANALYSIS = YES;
				CLANG_WARN_STRICT_PROTOTYPES = YES;
				CLANG_WARN_SUSPICIOUS_MOVE = YES;
				CLANG_WARN_UNGUARDED_AVAILABILITY = YES_AGGRESSIVE;
				CLANG_WARN_UNREACHABLE_CODE = YES;
				CLANG_WARN__DUPLICATE_METHOD_MATCH = YES;
				COPY_PHASE_STRIP = NO;
				DEBUG_INFORMATION_FORMAT = "dwarf-with-dsym";
				ENABLE_NS_ASSERTIONS = NO;
				ENABLE_STRICT_OBJC_MSGSEND = YES;
				GCC_C_LANGUAGE_STANDARD = gnu11;
				GCC_NO_COMMON_BLOCKS = YES;
				GCC_WARN_64_TO_32_BIT_CONVERSION = YES;
				GCC_WARN_ABOUT_RETURN_TYPE = YES_ERROR;
				GCC_WARN_UNDECLARED_SELECTOR = YES;
				GCC_WARN_UNINITIALIZED_AUTOS = YES_AGGRESSIVE;
				GCC_WARN_UNUSED_FUNCTION = YES;
				GCC_WARN_UNUSED_VARIABLE = YES;
				MTL_ENABLE_DEBUG_INFO = NO;
				MTL_FAST_MATH = YES;
				SWIFT_COMPILATION_MODE = wholemodule;
				SWIFT_OPTIMIZATION_LEVEL = "-O";
			};
			name = Release;
		};
		23458AD128D6ABAD00B0EF64 /* Debug */ = {
			isa = XCBuildConfiguration;
			buildSettings = {
				ASSETCATALOG_COMPILER_APPICON_NAME = AppIcon;
				ASSETCATALOG_COMPILER_GLOBAL_ACCENT_COLOR_NAME = AccentColor;
				CODE_SIGN_STYLE = Automatic;
				CURRENT_PROJECT_VERSION = 1;
				ENABLE_PREVIEWS = YES;
				GENERATE_INFOPLIST_FILE = YES;
				INFOPLIST_KEY_UIApplicationSceneManifest_Generation = YES;
				INFOPLIST_KEY_UIApplicationSupportsIndirectInputEvents = YES;
				INFOPLIST_KEY_UILaunchScreen_Generation = YES;
				INFOPLIST_KEY_UISupportedInterfaceOrientations_iPad = "UIInterfaceOrientationPortrait UIInterfaceOrientationPortraitUpsideDown UIInterfaceOrientationLandscapeLeft UIInterfaceOrientationLandscapeRight";
				INFOPLIST_KEY_UISupportedInterfaceOrientations_iPhone = "UIInterfaceOrientationPortrait UIInterfaceOrientationLandscapeLeft UIInterfaceOrientationLandscapeRight";
				IPHONEOS_DEPLOYMENT_TARGET = 14.0;
				LD_RUNPATH_SEARCH_PATHS = (
					"$(inherited)",
					"@executable_path/Frameworks",
				);
				MARKETING_VERSION = 1.0;
				PRODUCT_BUNDLE_IDENTIFIER = Poly.Poly;
				PRODUCT_NAME = Poly;
				SDKROOT = iphoneos;
				SWIFT_EMIT_LOC_STRINGS = YES;
				SWIFT_VERSION = 5.0;
				TARGETED_DEVICE_FAMILY = "1,2";
			};
			name = Debug;
		};
		23458AD228D6ABAD00B0EF64 /* Release */ = {
			isa = XCBuildConfiguration;
			buildSettings = {
				ASSETCATALOG_COMPILER_APPICON_NAME = AppIcon;
				ASSETCATALOG_COMPILER_GLOBAL_ACCENT_COLOR_NAME = AccentColor;
				CODE_SIGN_STYLE = Automatic;
				CURRENT_PROJECT_VERSION = 1;
				ENABLE_PREVIEWS = YES;
				GENERATE_INFOPLIST_FILE = YES;
				INFOPLIST_KEY_UIApplicationSceneManifest_Generation = YES;
				INFOPLIST_KEY_UIApplicationSupportsIndirectInputEvents = YES;
				INFOPLIST_KEY_UILaunchScreen_Generation = YES;
				INFOPLIST_KEY_UISupportedInterfaceOrientations_iPad = "UIInterfaceOrientationPortrait UIInterfaceOrientationPortraitUpsideDown UIInterfaceOrientationLandscapeLeft UIInterfaceOrientationLandscapeRight";
				INFOPLIST_KEY_UISupportedInterfaceOrientations_iPhone = "UIInterfaceOrientationPortrait UIInterfaceOrientationLandscapeLeft UIInterfaceOrientationLandscapeRight";
				IPHONEOS_DEPLOYMENT_TARGET = 14.0;
				LD_RUNPATH_SEARCH_PATHS = (
					"$(inherited)",
					"@executable_path/Frameworks",
				);
				MARKETING_VERSION = 1.0;
				PRODUCT_BUNDLE_IDENTIFIER = Poly.Poly;
				PRODUCT_NAME = Poly;
				SDKROOT = iphoneos;
				SWIFT_EMIT_LOC_STRINGS = YES;
				SWIFT_VERSION = 5.0;
				TARGETED_DEVICE_FAMILY = "1,2";
				VALIDATE_PRODUCT = YES;
			};
			name = Release;
		};
		23458AD428D6ABAD00B0EF64 /* Debug */ = {
			isa = XCBuildConfiguration;
			buildSettings = {
				ASSETCATALOG_COMPILER_APPICON_NAME = AppIcon;
				ASSETCATALOG_COMPILER_GLOBAL_ACCENT_COLOR_NAME = AccentColor;
				CODE_SIGN_ENTITLEMENTS = macOS/macOS.entitlements;
				CODE_SIGN_STYLE = Automatic;
				COMBINE_HIDPI_IMAGES = YES;
				CURRENT_PROJECT_VERSION = 1;
				ENABLE_PREVIEWS = YES;
				GENERATE_INFOPLIST_FILE = YES;
				INFOPLIST_KEY_NSHumanReadableCopyright = "";
				LD_RUNPATH_SEARCH_PATHS = (
					"$(inherited)",
					"@executable_path/../Frameworks",
				);
				MACOSX_DEPLOYMENT_TARGET = 11.0;
				MARKETING_VERSION = 1.0;
				PRODUCT_BUNDLE_IDENTIFIER = Poly.Poly;
				PRODUCT_NAME = Poly;
				SDKROOT = macosx;
				SWIFT_EMIT_LOC_STRINGS = YES;
				SWIFT_VERSION = 5.0;
			};
			name = Debug;
		};
		23458AD528D6ABAD00B0EF64 /* Release */ = {
			isa = XCBuildConfiguration;
			buildSettings = {
				ASSETCATALOG_COMPILER_APPICON_NAME = AppIcon;
				ASSETCATALOG_COMPILER_GLOBAL_ACCENT_COLOR_NAME = AccentColor;
				CODE_SIGN_ENTITLEMENTS = macOS/macOS.entitlements;
				CODE_SIGN_STYLE = Automatic;
				COMBINE_HIDPI_IMAGES = YES;
				CURRENT_PROJECT_VERSION = 1;
				ENABLE_PREVIEWS = YES;
				GENERATE_INFOPLIST_FILE = YES;
				INFOPLIST_KEY_NSHumanReadableCopyright = "";
				LD_RUNPATH_SEARCH_PATHS = (
					"$(inherited)",
					"@executable_path/../Frameworks",
				);
				MACOSX_DEPLOYMENT_TARGET = 11.0;
				MARKETING_VERSION = 1.0;
				PRODUCT_BUNDLE_IDENTIFIER = Poly.Poly;
				PRODUCT_NAME = Poly;
				SDKROOT = macosx;
				SWIFT_EMIT_LOC_STRINGS = YES;
				SWIFT_VERSION = 5.0;
			};
			name = Release;
		};
		23458AD728D6ABAD00B0EF64 /* Debug */ = {
			isa = XCBuildConfiguration;
			buildSettings = {
				ALWAYS_EMBED_SWIFT_STANDARD_LIBRARIES = YES;
				CODE_SIGN_STYLE = Automatic;
				CURRENT_PROJECT_VERSION = 1;
				GENERATE_INFOPLIST_FILE = YES;
				IPHONEOS_DEPLOYMENT_TARGET = 15.0;
				LD_RUNPATH_SEARCH_PATHS = (
					"$(inherited)",
					"@executable_path/Frameworks",
					"@loader_path/Frameworks",
				);
				MARKETING_VERSION = 1.0;
				PRODUCT_BUNDLE_IDENTIFIER = "Poly.Tests-iOS";
				PRODUCT_NAME = "$(TARGET_NAME)";
				SDKROOT = iphoneos;
				SWIFT_EMIT_LOC_STRINGS = NO;
				SWIFT_VERSION = 5.0;
				TARGETED_DEVICE_FAMILY = "1,2";
				TEST_TARGET_NAME = "Poly (iOS)";
			};
			name = Debug;
		};
		23458AD828D6ABAD00B0EF64 /* Release */ = {
			isa = XCBuildConfiguration;
			buildSettings = {
				ALWAYS_EMBED_SWIFT_STANDARD_LIBRARIES = YES;
				CODE_SIGN_STYLE = Automatic;
				CURRENT_PROJECT_VERSION = 1;
				GENERATE_INFOPLIST_FILE = YES;
				IPHONEOS_DEPLOYMENT_TARGET = 15.0;
				LD_RUNPATH_SEARCH_PATHS = (
					"$(inherited)",
					"@executable_path/Frameworks",
					"@loader_path/Frameworks",
				);
				MARKETING_VERSION = 1.0;
				PRODUCT_BUNDLE_IDENTIFIER = "Poly.Tests-iOS";
				PRODUCT_NAME = "$(TARGET_NAME)";
				SDKROOT = iphoneos;
				SWIFT_EMIT_LOC_STRINGS = NO;
				SWIFT_VERSION = 5.0;
				TARGETED_DEVICE_FAMILY = "1,2";
				TEST_TARGET_NAME = "Poly (iOS)";
				VALIDATE_PRODUCT = YES;
			};
			name = Release;
		};
		23458ADA28D6ABAD00B0EF64 /* Debug */ = {
			isa = XCBuildConfiguration;
			buildSettings = {
				ALWAYS_EMBED_SWIFT_STANDARD_LIBRARIES = YES;
				CODE_SIGN_STYLE = Automatic;
				COMBINE_HIDPI_IMAGES = YES;
				CURRENT_PROJECT_VERSION = 1;
				GENERATE_INFOPLIST_FILE = YES;
				LD_RUNPATH_SEARCH_PATHS = (
					"$(inherited)",
					"@executable_path/../Frameworks",
					"@loader_path/../Frameworks",
				);
				MACOSX_DEPLOYMENT_TARGET = 11.3;
				MARKETING_VERSION = 1.0;
				PRODUCT_BUNDLE_IDENTIFIER = "Poly.Tests-macOS";
				PRODUCT_NAME = "$(TARGET_NAME)";
				SDKROOT = macosx;
				SWIFT_EMIT_LOC_STRINGS = NO;
				SWIFT_VERSION = 5.0;
				TEST_TARGET_NAME = "Poly (macOS)";
			};
			name = Debug;
		};
		23458ADB28D6ABAD00B0EF64 /* Release */ = {
			isa = XCBuildConfiguration;
			buildSettings = {
				ALWAYS_EMBED_SWIFT_STANDARD_LIBRARIES = YES;
				CODE_SIGN_STYLE = Automatic;
				COMBINE_HIDPI_IMAGES = YES;
				CURRENT_PROJECT_VERSION = 1;
				GENERATE_INFOPLIST_FILE = YES;
				LD_RUNPATH_SEARCH_PATHS = (
					"$(inherited)",
					"@executable_path/../Frameworks",
					"@loader_path/../Frameworks",
				);
				MACOSX_DEPLOYMENT_TARGET = 11.3;
				MARKETING_VERSION = 1.0;
				PRODUCT_BUNDLE_IDENTIFIER = "Poly.Tests-macOS";
				PRODUCT_NAME = "$(TARGET_NAME)";
				SDKROOT = macosx;
				SWIFT_EMIT_LOC_STRINGS = NO;
				SWIFT_VERSION = 5.0;
				TEST_TARGET_NAME = "Poly (macOS)";
			};
			name = Release;
		};
/* End XCBuildConfiguration section */

/* Begin XCConfigurationList section */
		23458A9E28D6ABA700B0EF64 /* Build configuration list for PBXProject "Poly" */ = {
			isa = XCConfigurationList;
			buildConfigurations = (
				23458ACE28D6ABAD00B0EF64 /* Debug */,
				23458ACF28D6ABAD00B0EF64 /* Release */,
			);
			defaultConfigurationIsVisible = 0;
			defaultConfigurationName = Release;
		};
		23458AD028D6ABAD00B0EF64 /* Build configuration list for PBXNativeTarget "Poly (iOS)" */ = {
			isa = XCConfigurationList;
			buildConfigurations = (
				23458AD128D6ABAD00B0EF64 /* Debug */,
				23458AD228D6ABAD00B0EF64 /* Release */,
			);
			defaultConfigurationIsVisible = 0;
			defaultConfigurationName = Release;
		};
		23458AD328D6ABAD00B0EF64 /* Build configuration list for PBXNativeTarget "Poly (macOS)" */ = {
			isa = XCConfigurationList;
			buildConfigurations = (
				23458AD428D6ABAD00B0EF64 /* Debug */,
				23458AD528D6ABAD00B0EF64 /* Release */,
			);
			defaultConfigurationIsVisible = 0;
			defaultConfigurationName = Release;
		};
		23458AD628D6ABAD00B0EF64 /* Build configuration list for PBXNativeTarget "Tests iOS" */ = {
			isa = XCConfigurationList;
			buildConfigurations = (
				23458AD728D6ABAD00B0EF64 /* Debug */,
				23458AD828D6ABAD00B0EF64 /* Release */,
			);
			defaultConfigurationIsVisible = 0;
			defaultConfigurationName = Release;
		};
		23458AD928D6ABAD00B0EF64 /* Build configuration list for PBXNativeTarget "Tests macOS" */ = {
			isa = XCConfigurationList;
			buildConfigurations = (
				23458ADA28D6ABAD00B0EF64 /* Debug */,
				23458ADB28D6ABAD00B0EF64 /* Release */,
			);
			defaultConfigurationIsVisible = 0;
			defaultConfigurationName = Release;
		};
/* End XCConfigurationList section */
	};
	rootObject = 23458A9B28D6ABA700B0EF64 /* Project object */;
}
